
Microsoft Visual Studio Solution File, Format Version 12.00
# Visual Studio Version 17
VisualStudioVersion = 17.13.35919.96 d17.13
MinimumVisualStudioVersion = 10.0.40219.1
Project("{FAE04EC0-301F-11D3-BF4B-00C04F79EFBC}") = "SCRAPLauncher", "SCRAPLauncher.csproj", "{A9F9D923-B12B-45F4-BE27-18734DBA362F}"
EndProject
Global
	GlobalSection(SolutionConfigurationPlatforms) = preSolution
		Debug|Any CPU = Debug|Any CPU
		Release|Any CPU = Release|Any CPU
	EndGlobalSection
	GlobalSection(ProjectConfigurationPlatforms) = postSolution
		{A9F9D923-B12B-45F4-BE27-18734DBA362F}.Debug|Any CPU.ActiveCfg = Debug|Any CPU
		{A9F9D923-B12B-45F4-BE27-18734DBA362F}.Debug|Any CPU.Build.0 = Debug|Any CPU
		{A9F9D923-B12B-45F4-BE27-18734DBA362F}.Release|Any CPU.ActiveCfg = Release|Any CPU
		{A9F9D923-B12B-45F4-BE27-18734DBA362F}.Release|Any CPU.Build.0 = Release|Any CPU
	EndGlobalSection
	GlobalSection(SolutionProperties) = preSolution
		HideSolutionNode = FALSE
	EndGlobalSection
	GlobalSection(ExtensibilityGlobals) = postSolution
		SolutionGuid = {F30242B6-FA9E-4CD6-9002-68E6010951E6}
	EndGlobalSection
EndGlobal
